
Microsoft Visual Studio Solution File, Format Version 12.00
# Visual Studio Version 16
VisualStudioVersion = 16.0.31112.23
MinimumVisualStudioVersion = 10.0.40219.1
Project("{9A19103F-16F7-4668-BE54-9A1E7A4F7556}") = "ShameBoy", "ShameBoy\ShameBoy.csproj", "{6180234C-DEAA-4A1A-B3B2-78543DFBA7AC}"
EndProject
Project("{FAE04EC0-301F-11D3-BF4B-00C04F79EFBC}") = "ShameBoy.Core", "ShameBoy.Core\ShameBoy.Core.csproj", "{98A8676B-97C5-4A8A-9669-7B1111251167}"
EndProject
Global
	GlobalSection(SolutionConfigurationPlatforms) = preSolution
		Debug|Any CPU = Debug|Any CPU
		Release|Any CPU = Release|Any CPU
	EndGlobalSection
	GlobalSection(ProjectConfigurationPlatforms) = postSolution
		{6180234C-DEAA-4A1A-B3B2-78543DFBA7AC}.Debug|Any CPU.ActiveCfg = Debug|Any CPU
		{6180234C-DEAA-4A1A-B3B2-78543DFBA7AC}.Debug|Any CPU.Build.0 = Debug|Any CPU
		{6180234C-DEAA-4A1A-B3B2-78543DFBA7AC}.Release|Any CPU.ActiveCfg = Release|Any CPU
		{6180234C-DEAA-4A1A-B3B2-78543DFBA7AC}.Release|Any CPU.Build.0 = Release|Any CPU
		{98A8676B-97C5-4A8A-9669-7B1111251167}.Debug|Any CPU.ActiveCfg = Debug|Any CPU
		{98A8676B-97C5-4A8A-9669-7B1111251167}.Debug|Any CPU.Build.0 = Debug|Any CPU
		{98A8676B-97C5-4A8A-9669-7B1111251167}.Release|Any CPU.ActiveCfg = Release|Any CPU
		{98A8676B-97C5-4A8A-9669-7B1111251167}.Release|Any CPU.Build.0 = Release|Any CPU
	EndGlobalSection
	GlobalSection(SolutionProperties) = preSolution
		HideSolutionNode = FALSE
	EndGlobalSection
	GlobalSection(ExtensibilityGlobals) = postSolution
		SolutionGuid = {B801FE60-6EF5-4DD7-80E1-180A6B4151DD}
	EndGlobalSection
EndGlobal
